memo = "0491419a074facd9bcaa4a9e1dddc1c1df366c45deb1a0c0bf257a71e03fac1d"

[[projects]]
  branch = "master"
  name = "github.com/containernetworking/cni"
  packages = ["pkg/skel","pkg/types","pkg/types/020","pkg/types/current","pkg/version"]
  revision = "eeded9f55ef7a23ee3b1f6cadbc8d51f879238a9"

[[projects]]
  name = "github.com/coreos/go-iptables"
  packages = ["iptables"]
  revision = "259c8e6a4275d497442c721fa52204d7a58bde8b"
  version = "v0.2.0"
