memo = "4d77df5b03d6895d5ad7158dae9fa2b9ef61fc8d9e5454702c61dae12b97c3dc"

[[projects]]
  branch = "master"
  name = "github.com/containernetworking/cni"
  packages = ["pkg/skel","pkg/types","pkg/types/020","pkg/types/current","pkg/version"]
  revision = "a700ea864b5f1852d179ce83e8bc169f0b4a0ef4"

[[projects]]
  name = "github.com/containernetworking/plugins"
  packages = ["pkg/ns"]
  revision = "dd8ff8a5cf537dcfc705e14a1465f82817869bf9"
  version = "v0.7.0"

[[projects]]
  name = "github.com/coreos/go-iptables"
  packages = ["iptables"]
  revision = "b5b1876b170881a8259f036445ee89c8669db386"
  version = "v0.3.0"

[[projects]]
  branch = "master"
  name = "github.com/vishvananda/netlink"
  packages = [".","nl"]
  revision = "5236321576c0c97ab02c078e60f9b1c5c1828807"

[[projects]]
  branch = "master"
  name = "github.com/vishvananda/netns"
  packages = ["."]
  revision = "be1fbeda19366dea804f00efff2dd73a1642fdcc"

[[projects]]
  branch = "master"
  name = "golang.org/x/sys"
  packages = ["unix"]
  revision = "349b81fb5c64ec1734eb6ee148df25459ea48517"
